
Microsoft Visual Studio Solution File, Format Version 12.00
# Visual Studio Version 16
VisualStudioVersion = 16.0.29418.71
MinimumVisualStudioVersion = 10.0.40219.1
Project("{9A19103F-16F7-4668-BE54-9A1E7A4F7556}") = "OdeToFood", "OdeToFood\OdeToFood.csproj", "{D4CECEA2-5D8D-4964-8BD0-80AE413D2752}"
EndProject
Project("{FAE04EC0-301F-11D3-BF4B-00C04F79EFBC}") = "OdeToFood.Core", "OdeToFood.Core\OdeToFood.Core.csproj", "{B0C9635F-3479-4365-886B-0CBE568BB70E}"
EndProject
Project("{FAE04EC0-301F-11D3-BF4B-00C04F79EFBC}") = "OdeToFood.Data", "OdeToFood.Data\OdeToFood.Data.csproj", "{7105A5D1-FD78-4412-B4C4-FE30AFC0D984}"
EndProject
Global
	GlobalSection(SolutionConfigurationPlatforms) = preSolution
		Debug|Any CPU = Debug|Any CPU
		Release|Any CPU = Release|Any CPU
	EndGlobalSection
	GlobalSection(ProjectConfigurationPlatforms) = postSolution
		{D4CECEA2-5D8D-4964-8BD0-80AE413D2752}.Debug|Any CPU.ActiveCfg = Debug|Any CPU
		{D4CECEA2-5D8D-4964-8BD0-80AE413D2752}.Debug|Any CPU.Build.0 = Debug|Any CPU
		{D4CECEA2-5D8D-4964-8BD0-80AE413D2752}.Release|Any CPU.ActiveCfg = Release|Any CPU
		{D4CECEA2-5D8D-4964-8BD0-80AE413D2752}.Release|Any CPU.Build.0 = Release|Any CPU
		{B0C9635F-3479-4365-886B-0CBE568BB70E}.Debug|Any CPU.ActiveCfg = Debug|Any CPU
		{B0C9635F-3479-4365-886B-0CBE568BB70E}.Debug|Any CPU.Build.0 = Debug|Any CPU
		{B0C9635F-3479-4365-886B-0CBE568BB70E}.Release|Any CPU.ActiveCfg = Release|Any CPU
		{B0C9635F-3479-4365-886B-0CBE568BB70E}.Release|Any CPU.Build.0 = Release|Any CPU
		{7105A5D1-FD78-4412-B4C4-FE30AFC0D984}.Debug|Any CPU.ActiveCfg = Debug|Any CPU
		{7105A5D1-FD78-4412-B4C4-FE30AFC0D984}.Debug|Any CPU.Build.0 = Debug|Any CPU
		{7105A5D1-FD78-4412-B4C4-FE30AFC0D984}.Release|Any CPU.ActiveCfg = Release|Any CPU
		{7105A5D1-FD78-4412-B4C4-FE30AFC0D984}.Release|Any CPU.Build.0 = Release|Any CPU
	EndGlobalSection
	GlobalSection(SolutionProperties) = preSolution
		HideSolutionNode = FALSE
	EndGlobalSection
	GlobalSection(ExtensibilityGlobals) = postSolution
		SolutionGuid = {8AE3CCFC-5E8E-4BDA-87C6-D7BF93F1183A}
	EndGlobalSection
EndGlobal
